// !$*UTF8*$!
{
	archiveVersion = 1;
	classes = {
	};
	objectVersion = 56;
	objects = {

/* Begin PBXBuildFile section */
		C620A1A42A9F31D6005F1351 /* SearchTableViewCell.swift in Sources */ = {isa = PBXBuildFile; fileRef = C620A1A32A9F31D6005F1351 /* SearchTableViewCell.swift */; };
		C620A1A62AA08755005F1351 /* DrinkTableViewCell.swift in Sources */ = {isa = PBXBuildFile; fileRef = C620A1A52AA08755005F1351 /* DrinkTableViewCell.swift */; };
		C623C46B2AAF17810028A4D4 /* Alert.swift in Sources */ = {isa = PBXBuildFile; fileRef = C623C46A2AAF17810028A4D4 /* Alert.swift */; };
		C623C46D2AB066E90028A4D4 /* OderListTableViewController.swift in Sources */ = {isa = PBXBuildFile; fileRef = C623C46C2AB066E90028A4D4 /* OderListTableViewController.swift */; };
		C623C46F2AB067CE0028A4D4 /* OderListTableViewCell.swift in Sources */ = {isa = PBXBuildFile; fileRef = C623C46E2AB067CE0028A4D4 /* OderListTableViewCell.swift */; };
		C623C4712AB0B77A0028A4D4 /* Avatar.swift in Sources */ = {isa = PBXBuildFile; fileRef = C623C4702AB0B77A0028A4D4 /* Avatar.swift */; };
		C623C4732AB1B65C0028A4D4 /* CategoryCollectionViewCell.swift in Sources */ = {isa = PBXBuildFile; fileRef = C623C4722AB1B65C0028A4D4 /* CategoryCollectionViewCell.swift */; };
		C623C4752AB207CD0028A4D4 /* LoginViewController.swift in Sources */ = {isa = PBXBuildFile; fileRef = C623C4742AB207CD0028A4D4 /* LoginViewController.swift */; };
		C623C4772AB20D490028A4D4 /* Login.swift in Sources */ = {isa = PBXBuildFile; fileRef = C623C4762AB20D490028A4D4 /* Login.swift */; };
		C65DAC892A9DE69200B79457 /* AppDelegate.swift in Sources */ = {isa = PBXBuildFile; fileRef = C65DAC882A9DE69200B79457 /* AppDelegate.swift */; };
		C65DAC8B2A9DE69200B79457 /* SceneDelegate.swift in Sources */ = {isa = PBXBuildFile; fileRef = C65DAC8A2A9DE69200B79457 /* SceneDelegate.swift */; };
		C65DAC902A9DE69200B79457 /* Main.storyboard in Resources */ = {isa = PBXBuildFile; fileRef = C65DAC8E2A9DE69200B79457 /* Main.storyboard */; };
		C65DAC922A9DE69600B79457 /* Assets.xcassets in Resources */ = {isa = PBXBuildFile; fileRef = C65DAC912A9DE69600B79457 /* Assets.xcassets */; };
		C65DAC952A9DE69600B79457 /* LaunchScreen.storyboard in Resources */ = {isa = PBXBuildFile; fileRef = C65DAC932A9DE69600B79457 /* LaunchScreen.storyboard */; };
		C65DAC9E2A9DE9A700B79457 /* MenuViewController.swift in Sources */ = {isa = PBXBuildFile; fileRef = C65DAC9D2A9DE9A700B79457 /* MenuViewController.swift */; };
		C6988BC72AA8FE9200E768F6 /* DetailViewController.swift in Sources */ = {isa = PBXBuildFile; fileRef = C6988BC62AA8FE9200E768F6 /* DetailViewController.swift */; };
		C6E97F1D2AA0B69800C21B5F /* Drink.swift in Sources */ = {isa = PBXBuildFile; fileRef = C6E97F1C2AA0B69800C21B5F /* Drink.swift */; };
		C6E97F212AA0D35D00C21B5F /* Kingfisher in Frameworks */ = {isa = PBXBuildFile; productRef = C6E97F202AA0D35D00C21B5F /* Kingfisher */; };
/* End PBXBuildFile section */

/* Begin PBXFileReference section */
		C620A1A32A9F31D6005F1351 /* SearchTableViewCell.swift */ = {isa = PBXFileReference; lastKnownFileType = sourcecode.swift; path = SearchTableViewCell.swift; sourceTree = "<group>"; };
		C620A1A52AA08755005F1351 /* DrinkTableViewCell.swift */ = {isa = PBXFileReference; lastKnownFileType = sourcecode.swift; path = DrinkTableViewCell.swift; sourceTree = "<group>"; };
		C623C46A2AAF17810028A4D4 /* Alert.swift */ = {isa = PBXFileReference; lastKnownFileType = sourcecode.swift; path = Alert.swift; sourceTree = "<group>"; };
		C623C46C2AB066E90028A4D4 /* OderListTableViewController.swift */ = {isa = PBXFileReference; lastKnownFileType = sourcecode.swift; path = OderListTableViewController.swift; sourceTree = "<group>"; };
		C623C46E2AB067CE0028A4D4 /* OderListTableViewCell.swift */ = {isa = PBXFileReference; lastKnownFileType = sourcecode.swift; path = OderListTableViewCell.swift; sourceTree = "<group>"; };
		C623C4702AB0B77A0028A4D4 /* Avatar.swift */ = {isa = PBXFileReference; lastKnownFileType = sourcecode.swift; path = Avatar.swift; sourceTree = "<group>"; };
		C623C4722AB1B65C0028A4D4 /* CategoryCollectionViewCell.swift */ = {isa = PBXFileReference; lastKnownFileType = sourcecode.swift; path = CategoryCollectionViewCell.swift; sourceTree = "<group>"; };
		C623C4742AB207CD0028A4D4 /* LoginViewController.swift */ = {isa = PBXFileReference; lastKnownFileType = sourcecode.swift; path = LoginViewController.swift; sourceTree = "<group>"; };
		C623C4762AB20D490028A4D4 /* Login.swift */ = {isa = PBXFileReference; lastKnownFileType = sourcecode.swift; path = Login.swift; sourceTree = "<group>"; };
		C65DAC852A9DE69200B79457 /* WOOTEA.app */ = {isa = PBXFileReference; explicitFileType = wrapper.application; includeInIndex = 0; path = WOOTEA.app; sourceTree = BUILT_PRODUCTS_DIR; };
		C65DAC882A9DE69200B79457 /* AppDelegate.swift */ = {isa = PBXFileReference; lastKnownFileType = sourcecode.swift; path = AppDelegate.swift; sourceTree = "<group>"; };
		C65DAC8A2A9DE69200B79457 /* SceneDelegate.swift */ = {isa = PBXFileReference; lastKnownFileType = sourcecode.swift; path = SceneDelegate.swift; sourceTree = "<group>"; };
		C65DAC8F2A9DE69200B79457 /* Base */ = {isa = PBXFileReference; lastKnownFileType = file.storyboard; name = Base; path = Base.lproj/Main.storyboard; sourceTree = "<group>"; };
		C65DAC912A9DE69600B79457 /* Assets.xcassets */ = {isa = PBXFileReference; lastKnownFileType = folder.assetcatalog; path = Assets.xcassets; sourceTree = "<group>"; };
		C65DAC942A9DE69600B79457 /* Base */ = {isa = PBXFileReference; lastKnownFileType = file.storyboard; name = Base; path = Base.lproj/LaunchScreen.storyboard; sourceTree = "<group>"; };
		C65DAC962A9DE69600B79457 /* Info.plist */ = {isa = PBXFileReference; lastKnownFileType = text.plist.xml; path = Info.plist; sourceTree = "<group>"; };
		C65DAC9D2A9DE9A700B79457 /* MenuViewController.swift */ = {isa = PBXFileReference; lastKnownFileType = sourcecode.swift; path = MenuViewController.swift; sourceTree = "<group>"; };
		C6988BC62AA8FE9200E768F6 /* DetailViewController.swift */ = {isa = PBXFileReference; lastKnownFileType = sourcecode.swift; path = DetailViewController.swift; sourceTree = "<group>"; };
		C6E97F1C2AA0B69800C21B5F /* Drink.swift */ = {isa = PBXFileReference; lastKnownFileType = sourcecode.swift; path = Drink.swift; sourceTree = "<group>"; };
/* End PBXFileReference section */

/* Begin PBXFrameworksBuildPhase section */
		C65DAC822A9DE69200B79457 /* Frameworks */ = {
			isa = PBXFrameworksBuildPhase;
			buildActionMask = 2147483647;
			files = (
				C6E97F212AA0D35D00C21B5F /* Kingfisher in Frameworks */,
			);
			runOnlyForDeploymentPostprocessing = 0;
		};
/* End PBXFrameworksBuildPhase section */

/* Begin PBXGroup section */
		C620A1A22A9F3173005F1351 /* Views */ = {
			isa = PBXGroup;
			children = (
				C620A1A32A9F31D6005F1351 /* SearchTableViewCell.swift */,
				C620A1A52AA08755005F1351 /* DrinkTableViewCell.swift */,
				C623C46E2AB067CE0028A4D4 /* OderListTableViewCell.swift */,
				C623C4722AB1B65C0028A4D4 /* CategoryCollectionViewCell.swift */,
			);
			path = Views;
			sourceTree = "<group>";
		};
		C65DAC7C2A9DE69200B79457 = {
			isa = PBXGroup;
			children = (
				C65DAC872A9DE69200B79457 /* WOOTEA */,
				C65DAC862A9DE69200B79457 /* Products */,
			);
			sourceTree = "<group>";
		};
		C65DAC862A9DE69200B79457 /* Products */ = {
			isa = PBXGroup;
			children = (
				C65DAC852A9DE69200B79457 /* WOOTEA.app */,
			);
			name = Products;
			sourceTree = "<group>";
		};
		C65DAC872A9DE69200B79457 /* WOOTEA */ = {
			isa = PBXGroup;
			children = (
				C6E97F1E2AA0B6A400C21B5F /* Models */,
				C620A1A22A9F3173005F1351 /* Views */,
				C65DAC9C2A9DE97800B79457 /* View Controllers */,
				C65DAC882A9DE69200B79457 /* AppDelegate.swift */,
				C65DAC8A2A9DE69200B79457 /* SceneDelegate.swift */,
				C65DAC8E2A9DE69200B79457 /* Main.storyboard */,
				C65DAC912A9DE69600B79457 /* Assets.xcassets */,
				C65DAC932A9DE69600B79457 /* LaunchScreen.storyboard */,
				C65DAC962A9DE69600B79457 /* Info.plist */,
			);
			path = WOOTEA;
			sourceTree = "<group>";
		};
		C65DAC9C2A9DE97800B79457 /* View Controllers */ = {
			isa = PBXGroup;
			children = (
				C623C4742AB207CD0028A4D4 /* LoginViewController.swift */,
				C623C46C2AB066E90028A4D4 /* OderListTableViewController.swift */,
				C65DAC9D2A9DE9A700B79457 /* MenuViewController.swift */,
				C6988BC62AA8FE9200E768F6 /* DetailViewController.swift */,
			);
			path = "View Controllers";
			sourceTree = "<group>";
		};
		C6E97F1E2AA0B6A400C21B5F /* Models */ = {
			isa = PBXGroup;
			children = (
				C6E97F1C2AA0B69800C21B5F /* Drink.swift */,
				C623C4762AB20D490028A4D4 /* Login.swift */,
				C623C46A2AAF17810028A4D4 /* Alert.swift */,
				C623C4702AB0B77A0028A4D4 /* Avatar.swift */,
			);
			path = Models;
			sourceTree = "<group>";
		};
/* End PBXGroup section */

/* Begin PBXNativeTarget section */
		C65DAC842A9DE69200B79457 /* WOOTEA */ = {
			isa = PBXNativeTarget;
			buildConfigurationList = C65DAC992A9DE69600B79457 /* Build configuration list for PBXNativeTarget "WOOTEA" */;
			buildPhases = (
				C65DAC812A9DE69200B79457 /* Sources */,
				C65DAC822A9DE69200B79457 /* Frameworks */,
				C65DAC832A9DE69200B79457 /* Resources */,
			);
			buildRules = (
			);
			dependencies = (
			);
			name = WOOTEA;
			packageProductDependencies = (
				C6E97F202AA0D35D00C21B5F /* Kingfisher */,
			);
			productName = WOOTEA;
			productReference = C65DAC852A9DE69200B79457 /* WOOTEA.app */;
			productType = "com.apple.product-type.application";
		};
/* End PBXNativeTarget section */

/* Begin PBXProject section */
		C65DAC7D2A9DE69200B79457 /* Project object */ = {
			isa = PBXProject;
			attributes = {
				BuildIndependentTargetsInParallel = 1;
				LastSwiftUpdateCheck = 1500;
				LastUpgradeCheck = 1500;
				TargetAttributes = {
					C65DAC842A9DE69200B79457 = {
						CreatedOnToolsVersion = 15.0;
					};
				};
			};
			buildConfigurationList = C65DAC802A9DE69200B79457 /* Build configuration list for PBXProject "WOOTEA" */;
			compatibilityVersion = "Xcode 14.0";
			developmentRegion = en;
			hasScannedForEncodings = 0;
			knownRegions = (
				en,
				Base,
			);
			mainGroup = C65DAC7C2A9DE69200B79457;
			packageReferences = (
				C6E97F1F2AA0D35D00C21B5F /* XCRemoteSwiftPackageReference "Kingfisher" */,
			);
			productRefGroup = C65DAC862A9DE69200B79457 /* Products */;
			projectDirPath = "";
			projectRoot = "";
			targets = (
				C65DAC842A9DE69200B79457 /* WOOTEA */,
			);
		};
/* End PBXProject section */

/* Begin PBXResourcesBuildPhase section */
		C65DAC832A9DE69200B79457 /* Resources */ = {
			isa = PBXResourcesBuildPhase;
			buildActionMask = 2147483647;
			files = (
				C65DAC952A9DE69600B79457 /* LaunchScreen.storyboard in Resources */,
				C65DAC922A9DE69600B79457 /* Assets.xcassets in Resources */,
				C65DAC902A9DE69200B79457 /* Main.storyboard in Resources */,
			);
			runOnlyForDeploymentPostprocessing = 0;
		};
/* End PBXResourcesBuildPhase section */

/* Begin PBXSourcesBuildPhase section */
		C65DAC812A9DE69200B79457 /* Sources */ = {
			isa = PBXSourcesBuildPhase;
			buildActionMask = 2147483647;
			files = (
				C65DAC892A9DE69200B79457 /* AppDelegate.swift in Sources */,
				C620A1A42A9F31D6005F1351 /* SearchTableViewCell.swift in Sources */,
				C65DAC8B2A9DE69200B79457 /* SceneDelegate.swift in Sources */,
				C65DAC9E2A9DE9A700B79457 /* MenuViewController.swift in Sources */,
				C623C4732AB1B65C0028A4D4 /* CategoryCollectionViewCell.swift in Sources */,
				C623C46D2AB066E90028A4D4 /* OderListTableViewController.swift in Sources */,
				C6E97F1D2AA0B69800C21B5F /* Drink.swift in Sources */,
				C623C4772AB20D490028A4D4 /* Login.swift in Sources */,
				C620A1A62AA08755005F1351 /* DrinkTableViewCell.swift in Sources */,
				C623C46F2AB067CE0028A4D4 /* OderListTableViewCell.swift in Sources */,
				C623C4712AB0B77A0028A4D4 /* Avatar.swift in Sources */,
				C623C46B2AAF17810028A4D4 /* Alert.swift in Sources */,
				C623C4752AB207CD0028A4D4 /* LoginViewController.swift in Sources */,
				C6988BC72AA8FE9200E768F6 /* DetailViewController.swift in Sources */,
			);
			runOnlyForDeploymentPostprocessing = 0;
		};
/* End PBXSourcesBuildPhase section */

/* Begin PBXVariantGroup section */
		C65DAC8E2A9DE69200B79457 /* Main.storyboard */ = {
			isa = PBXVariantGroup;
			children = (
				C65DAC8F2A9DE69200B79457 /* Base */,
			);
			name = Main.storyboard;
			sourceTree = "<group>";
		};
		C65DAC932A9DE69600B79457 /* LaunchScreen.storyboard */ = {
			isa = PBXVariantGroup;
			children = (
				C65DAC942A9DE69600B79457 /* Base */,
			);
			name = LaunchScreen.storyboard;
			sourceTree = "<group>";
		};
/* End PBXVariantGroup section */

/* Begin XCBuildConfiguration section */
		C65DAC972A9DE69600B79457 /* Debug */ = {
			isa = XCBuildConfiguration;
			buildSettings = {
				ALWAYS_SEARCH_USER_PATHS = NO;
				ASSETCATALOG_COMPILER_GENERATE_SWIFT_ASSET_SYMBOL_EXTENSIONS = YES;
				CLANG_ANALYZER_NONNULL = YES;
				CLANG_ANALYZER_NUMBER_OBJECT_CONVERSION = YES_AGGRESSIVE;
				CLANG_CXX_LANGUAGE_STANDARD = "gnu++20";
				CLANG_ENABLE_MODULES = YES;
				CLANG_ENABLE_OBJC_ARC = YES;
				CLANG_ENABLE_OBJC_WEAK = YES;
				CLANG_WARN_BLOCK_CAPTURE_AUTORELEASING = YES;
				CLANG_WARN_BOOL_CONVERSION = YES;
				CLANG_WARN_COMMA = YES;
				CLANG_WARN_CONSTANT_CONVERSION = YES;
				CLANG_WARN_DEPRECATED_OBJC_IMPLEMENTATIONS = YES;
				CLANG_WARN_DIRECT_OBJC_ISA_USAGE = YES_ERROR;
				CLANG_WARN_DOCUMENTATION_COMMENTS = YES;
				CLANG_WARN_EMPTY_BODY = YES;
				CLANG_WARN_ENUM_CONVERSION = YES;
				CLANG_WARN_INFINITE_RECURSION = YES;
				CLANG_WARN_INT_CONVERSION = YES;
				CLANG_WARN_NON_LITERAL_NULL_CONVERSION = YES;
				CLANG_WARN_OBJC_IMPLICIT_RETAIN_SELF = YES;
				CLANG_WARN_OBJC_LITERAL_CONVERSION = YES;
				CLANG_WARN_OBJC_ROOT_CLASS = YES_ERROR;
				CLANG_WARN_QUOTED_INCLUDE_IN_FRAMEWORK_HEADER = YES;
				CLANG_WARN_RANGE_LOOP_ANALYSIS = YES;
				CLANG_WARN_STRICT_PROTOTYPES = YES;
				CLANG_WARN_SUSPICIOUS_MOVE = YES;
				CLANG_WARN_UNGUARDED_AVAILABILITY = YES_AGGRESSIVE;
				CLANG_WARN_UNREACHABLE_CODE = YES;
				CLANG_WARN__DUPLICATE_METHOD_MATCH = YES;
				COPY_PHASE_STRIP = NO;
				DEBUG_INFORMATION_FORMAT = dwarf;
				ENABLE_STRICT_OBJC_MSGSEND = YES;
				ENABLE_TESTABILITY = YES;
				ENABLE_USER_SCRIPT_SANDBOXING = YES;
				GCC_C_LANGUAGE_STANDARD = gnu17;
				GCC_DYNAMIC_NO_PIC = NO;
				GCC_NO_COMMON_BLOCKS = YES;
				GCC_OPTIMIZATION_LEVEL = 0;
				GCC_PREPROCESSOR_DEFINITIONS = (
					"DEBUG=1",
					"$(inherited)",
				);
				GCC_WARN_64_TO_32_BIT_CONVERSION = YES;
				GCC_WARN_ABOUT_RETURN_TYPE = YES_ERROR;
				GCC_WARN_UNDECLARED_SELECTOR = YES;
				GCC_WARN_UNINITIALIZED_AUTOS = YES_AGGRESSIVE;
				GCC_WARN_UNUSED_FUNCTION = YES;
				GCC_WARN_UNUSED_VARIABLE = YES;
				IPHONEOS_DEPLOYMENT_TARGET = 17.0;
				LOCALIZATION_PREFERS_STRING_CATALOGS = YES;
				MTL_ENABLE_DEBUG_INFO = INCLUDE_SOURCE;
				MTL_FAST_MATH = YES;
				ONLY_ACTIVE_ARCH = YES;
				SDKROOT = iphoneos;
				SWIFT_ACTIVE_COMPILATION_CONDITIONS = "DEBUG $(inherited)";
				SWIFT_OPTIMIZATION_LEVEL = "-Onone";
			};
			name = Debug;
		};
		C65DAC982A9DE69600B79457 /* Release */ = {
			isa = XCBuildConfiguration;
			buildSettings = {
				ALWAYS_SEARCH_USER_PATHS = NO;
				ASSETCATALOG_COMPILER_GENERATE_SWIFT_ASSET_SYMBOL_EXTENSIONS = YES;
				CLANG_ANALYZER_NONNULL = YES;
				CLANG_ANALYZER_NUMBER_OBJECT_CONVERSION = YES_AGGRESSIVE;
				CLANG_CXX_LANGUAGE_STANDARD = "gnu++20";
				CLANG_ENABLE_MODULES = YES;
				CLANG_ENABLE_OBJC_ARC = YES;
				CLANG_ENABLE_OBJC_WEAK = YES;
				CLANG_WARN_BLOCK_CAPTURE_AUTORELEASING = YES;
				CLANG_WARN_BOOL_CONVERSION = YES;
				CLANG_WARN_COMMA = YES;
				CLANG_WARN_CONSTANT_CONVERSION = YES;
				CLANG_WARN_DEPRECATED_OBJC_IMPLEMENTATIONS = YES;
				CLANG_WARN_DIRECT_OBJC_ISA_USAGE = YES_ERROR;
				CLANG_WARN_DOCUMENTATION_COMMENTS = YES;
				CLANG_WARN_EMPTY_BODY = YES;
				CLANG_WARN_ENUM_CONVERSION = YES;
				CLANG_WARN_INFINITE_RECURSION = YES;
				CLANG_WARN_INT_CONVERSION = YES;
				CLANG_WARN_NON_LITERAL_NULL_CONVERSION = YES;
				CLANG_WARN_OBJC_IMPLICIT_RETAIN_SELF = YES;
				CLANG_WARN_OBJC_LITERAL_CONVERSION = YES;
				CLANG_WARN_OBJC_ROOT_CLASS = YES_ERROR;
				CLANG_WARN_QUOTED_INCLUDE_IN_FRAMEWORK_HEADER = YES;
				CLANG_WARN_RANGE_LOOP_ANALYSIS = YES;
				CLANG_WARN_STRICT_PROTOTYPES = YES;
				CLANG_WARN_SUSPICIOUS_MOVE = YES;
				CLANG_WARN_UNGUARDED_AVAILABILITY = YES_AGGRESSIVE;
				CLANG_WARN_UNREACHABLE_CODE = YES;
				CLANG_WARN__DUPLICATE_METHOD_MATCH = YES;
				COPY_PHASE_STRIP = NO;
				DEBUG_INFORMATION_FORMAT = "dwarf-with-dsym";
				ENABLE_NS_ASSERTIONS = NO;
				ENABLE_STRICT_OBJC_MSGSEND = YES;
				ENABLE_USER_SCRIPT_SANDBOXING = YES;
				GCC_C_LANGUAGE_STANDARD = gnu17;
				GCC_NO_COMMON_BLOCKS = YES;
				GCC_WARN_64_TO_32_BIT_CONVERSION = YES;
				GCC_WARN_ABOUT_RETURN_TYPE = YES_ERROR;
				GCC_WARN_UNDECLARED_SELECTOR = YES;
				GCC_WARN_UNINITIALIZED_AUTOS = YES_AGGRESSIVE;
				GCC_WARN_UNUSED_FUNCTION = YES;
				GCC_WARN_UNUSED_VARIABLE = YES;
				IPHONEOS_DEPLOYMENT_TARGET = 17.0;
				LOCALIZATION_PREFERS_STRING_CATALOGS = YES;
				MTL_ENABLE_DEBUG_INFO = NO;
				MTL_FAST_MATH = YES;
				SDKROOT = iphoneos;
				SWIFT_COMPILATION_MODE = wholemodule;
				VALIDATE_PRODUCT = YES;
			};
			name = Release;
		};
		C65DAC9A2A9DE69600B79457 /* Debug */ = {
			isa = XCBuildConfiguration;
			buildSettings = {
				ASSETCATALOG_COMPILER_APPICON_NAME = AppIcon;
				ASSETCATALOG_COMPILER_GLOBAL_ACCENT_COLOR_NAME = AccentColor;
				CODE_SIGN_STYLE = Automatic;
				CURRENT_PROJECT_VERSION = 1;
				DEVELOPMENT_TEAM = L5776AJ2X2;
				GENERATE_INFOPLIST_FILE = YES;
				INFOPLIST_FILE = WOOTEA/Info.plist;
				INFOPLIST_KEY_UIApplicationSupportsIndirectInputEvents = YES;
				INFOPLIST_KEY_UILaunchStoryboardName = LaunchScreen;
				INFOPLIST_KEY_UIMainStoryboardFile = Main;
				INFOPLIST_KEY_UISupportedInterfaceOrientations_iPad = "UIInterfaceOrientationPortrait UIInterfaceOrientationPortraitUpsideDown UIInterfaceOrientationLandscapeLeft UIInterfaceOrientationLandscapeRight";
				INFOPLIST_KEY_UISupportedInterfaceOrientations_iPhone = "UIInterfaceOrientationPortrait UIInterfaceOrientationLandscapeLeft UIInterfaceOrientationLandscapeRight";
				LD_RUNPATH_SEARCH_PATHS = (
					"$(inherited)",
					"@executable_path/Frameworks",
				);
				MARKETING_VERSION = 1.0;
				PRODUCT_BUNDLE_IDENTIFIER = una.com.WOOTEA;
				PRODUCT_NAME = "$(TARGET_NAME)";
				SWIFT_EMIT_LOC_STRINGS = YES;
				SWIFT_VERSION = 5.0;
				TARGETED_DEVICE_FAMILY = "1,2";
			};
			name = Debug;
		};
		C65DAC9B2A9DE69600B79457 /* Release */ = {
			isa = XCBuildConfiguration;
			buildSettings = {
				ASSETCATALOG_COMPILER_APPICON_NAME = AppIcon;
				ASSETCATALOG_COMPILER_GLOBAL_ACCENT_COLOR_NAME = AccentColor;
				CODE_SIGN_STYLE = Automatic;
				CURRENT_PROJECT_VERSION = 1;
				DEVELOPMENT_TEAM = L5776AJ2X2;
				GENERATE_INFOPLIST_FILE = YES;
				INFOPLIST_FILE = WOOTEA/Info.plist;
				INFOPLIST_KEY_UIApplicationSupportsIndirectInputEvents = YES;
				INFOPLIST_KEY_UILaunchStoryboardName = LaunchScreen;
				INFOPLIST_KEY_UIMainStoryboardFile = Main;
				INFOPLIST_KEY_UISupportedInterfaceOrientations_iPad = "UIInterfaceOrientationPortrait UIInterfaceOrientationPortraitUpsideDown UIInterfaceOrientationLandscapeLeft UIInterfaceOrientationLandscapeRight";
				INFOPLIST_KEY_UISupportedInterfaceOrientations_iPhone = "UIInterfaceOrientationPortrait UIInterfaceOrientationLandscapeLeft UIInterfaceOrientationLandscapeRight";
				LD_RUNPATH_SEARCH_PATHS = (
					"$(inherited)",
					"@executable_path/Frameworks",
				);
				MARKETING_VERSION = 1.0;
				PRODUCT_BUNDLE_IDENTIFIER = una.com.WOOTEA;
				PRODUCT_NAME = "$(TARGET_NAME)";
				SWIFT_EMIT_LOC_STRINGS = YES;
				SWIFT_VERSION = 5.0;
				TARGETED_DEVICE_FAMILY = "1,2";
			};
			name = Release;
		};
/* End XCBuildConfiguration section */

/* Begin XCConfigurationList section */
		C65DAC802A9DE69200B79457 /* Build configuration list for PBXProject "WOOTEA" */ = {
			isa = XCConfigurationList;
			buildConfigurations = (
				C65DAC972A9DE69600B79457 /* Debug */,
				C65DAC982A9DE69600B79457 /* Release */,
			);
			defaultConfigurationIsVisible = 0;
			defaultConfigurationName = Release;
		};
		C65DAC992A9DE69600B79457 /* Build configuration list for PBXNativeTarget "WOOTEA" */ = {
			isa = XCConfigurationList;
			buildConfigurations = (
				C65DAC9A2A9DE69600B79457 /* Debug */,
				C65DAC9B2A9DE69600B79457 /* Release */,
			);
			defaultConfigurationIsVisible = 0;
			defaultConfigurationName = Release;
		};
/* End XCConfigurationList section */

/* Begin XCRemoteSwiftPackageReference section */
		C6E97F1F2AA0D35D00C21B5F /* XCRemoteSwiftPackageReference "Kingfisher" */ = {
			isa = XCRemoteSwiftPackageReference;
			repositoryURL = "https://github.com/onevcat/Kingfisher";
			requirement = {
				kind = upToNextMajorVersion;
				minimumVersion = 7.9.1;
			};
		};
/* End XCRemoteSwiftPackageReference section */

/* Begin XCSwiftPackageProductDependency section */
		C6E97F202AA0D35D00C21B5F /* Kingfisher */ = {
			isa = XCSwiftPackageProductDependency;
			package = C6E97F1F2AA0D35D00C21B5F /* XCRemoteSwiftPackageReference "Kingfisher" */;
			productName = Kingfisher;
		};
/* End XCSwiftPackageProductDependency section */
	};
	rootObject = C65DAC7D2A9DE69200B79457 /* Project object */;
}
